
Microsoft Visual Studio Solution File, Format Version 12.00
# Visual Studio Version 16
VisualStudioVersion = 16.0.31025.194
MinimumVisualStudioVersion = 10.0.40219.1
Project("{FAE04EC0-301F-11D3-BF4B-00C04F79EFBC}") = "DoVanSang_5951071091_API", "DoVanSang_5951071091_API\DoVanSang_5951071091_API.csproj", "{C6A1DA9C-4BAA-46D7-9E9D-F75E1A0BF04B}"
EndProject
Global
	GlobalSection(SolutionConfigurationPlatforms) = preSolution
		Debug|Any CPU = Debug|Any CPU
		Release|Any CPU = Release|Any CPU
	EndGlobalSection
	GlobalSection(ProjectConfigurationPlatforms) = postSolution
		{C6A1DA9C-4BAA-46D7-9E9D-F75E1A0BF04B}.Debug|Any CPU.ActiveCfg = Debug|Any CPU
		{C6A1DA9C-4BAA-46D7-9E9D-F75E1A0BF04B}.Debug|Any CPU.Build.0 = Debug|Any CPU
		{C6A1DA9C-4BAA-46D7-9E9D-F75E1A0BF04B}.Release|Any CPU.ActiveCfg = Release|Any CPU
		{C6A1DA9C-4BAA-46D7-9E9D-F75E1A0BF04B}.Release|Any CPU.Build.0 = Release|Any CPU
	EndGlobalSection
	GlobalSection(SolutionProperties) = preSolution
		HideSolutionNode = FALSE
	EndGlobalSection
	GlobalSection(ExtensibilityGlobals) = postSolution
		SolutionGuid = {966623A9-5ECF-4E22-80BC-8BFC67763F50}
	EndGlobalSection
EndGlobal
